
Microsoft Visual Studio Solution File, Format Version 12.00
# Visual Studio Version 17
VisualStudioVersion = 17.8.34525.116
MinimumVisualStudioVersion = 10.0.40219.1
Project("{8BC9CEB8-8B4A-11D0-8D11-00A0C91BC942}") = "ConsoleApplication", "ConsoleApplication\ConsoleApplication.vcxproj", "{38537F2D-E971-498D-9D04-EDE8EF3A2CEA}"
EndProject
Global
	GlobalSection(SolutionConfigurationPlatforms) = preSolution
		Debug|x64 = Debug|x64
		Debug|x86 = Debug|x86
		Release|x64 = Release|x64
		Release|x86 = Release|x86
	EndGlobalSection
	GlobalSection(ProjectConfigurationPlatforms) = postSolution
		{38537F2D-E971-498D-9D04-EDE8EF3A2CEA}.Debug|x64.ActiveCfg = Debug|x64
		{38537F2D-E971-498D-9D04-EDE8EF3A2CEA}.Debug|x64.Build.0 = Debug|x64
		{38537F2D-E971-498D-9D04-EDE8EF3A2CEA}.Debug|x86.ActiveCfg = Debug|Win32
		{38537F2D-E971-498D-9D04-EDE8EF3A2CEA}.Debug|x86.Build.0 = Debug|Win32
		{38537F2D-E971-498D-9D04-EDE8EF3A2CEA}.Release|x64.ActiveCfg = Release|x64
		{38537F2D-E971-498D-9D04-EDE8EF3A2CEA}.Release|x64.Build.0 = Release|x64
		{38537F2D-E971-498D-9D04-EDE8EF3A2CEA}.Release|x86.ActiveCfg = Release|Win32
		{38537F2D-E971-498D-9D04-EDE8EF3A2CEA}.Release|x86.Build.0 = Release|Win32
	EndGlobalSection
	GlobalSection(SolutionProperties) = preSolution
		HideSolutionNode = FALSE
	EndGlobalSection
	GlobalSection(ExtensibilityGlobals) = postSolution
		SolutionGuid = {7E272F8D-FFCB-429F-B8F3-C2AE3DD70BBB}
	EndGlobalSection
EndGlobal
